
Microsoft Visual Studio Solution File, Format Version 12.00
# Visual Studio Version 16
VisualStudioVersion = 16.0.30114.105
MinimumVisualStudioVersion = 10.0.40219.1
Project("{FAE04EC0-301F-11D3-BF4B-00C04F79EFBC}") = "DiplomaServer", "Server\DiplomaServer.csproj", "{8D13515C-D633-46A7-9888-C06B63D11FC8}"
EndProject
Project("{FAE04EC0-301F-11D3-BF4B-00C04F79EFBC}") = "World", "World\World.csproj", "{8AB51237-F553-4A3D-823E-0DACE31EAB8C}"
EndProject
Global
	GlobalSection(SolutionConfigurationPlatforms) = preSolution
		Debug|Any CPU = Debug|Any CPU
		Release|Any CPU = Release|Any CPU
	EndGlobalSection
	GlobalSection(SolutionProperties) = preSolution
		HideSolutionNode = FALSE
	EndGlobalSection
	GlobalSection(ProjectConfigurationPlatforms) = postSolution
		{8D13515C-D633-46A7-9888-C06B63D11FC8}.Debug|Any CPU.ActiveCfg = Debug|Any CPU
		{8D13515C-D633-46A7-9888-C06B63D11FC8}.Debug|Any CPU.Build.0 = Debug|Any CPU
		{8D13515C-D633-46A7-9888-C06B63D11FC8}.Release|Any CPU.ActiveCfg = Release|Any CPU
		{8D13515C-D633-46A7-9888-C06B63D11FC8}.Release|Any CPU.Build.0 = Release|Any CPU
		{8AB51237-F553-4A3D-823E-0DACE31EAB8C}.Debug|Any CPU.ActiveCfg = Debug|Any CPU
		{8AB51237-F553-4A3D-823E-0DACE31EAB8C}.Debug|Any CPU.Build.0 = Debug|Any CPU
		{8AB51237-F553-4A3D-823E-0DACE31EAB8C}.Release|Any CPU.ActiveCfg = Release|Any CPU
		{8AB51237-F553-4A3D-823E-0DACE31EAB8C}.Release|Any CPU.Build.0 = Release|Any CPU
	EndGlobalSection
EndGlobal
